<?xml version="1.0" encoding="utf-8"?>
<Project ToolsVersion="4.0" xmlns="http://schemas.microsoft.com/developer/msbuild/2003">
  <ItemGroup>
    <Filter Include="case">
      <UniqueIdentifier>{e7d7ed36-d580-4328-a85a-5fa47e77ab16}</UniqueIdentifier>
    </Filter>
    <Filter Include="utility">
      <UniqueIdentifier>{46d1e868-f28e-4465-9b17-79db7cb3a857}</UniqueIdentifier>
    </Filter>
  </ItemGroup>
  <ItemGroup>
    <ClCompile Include="..\..\..\test\case\SQLite_DBTest.cpp">
      <Filter>case</Filter>
    </ClCompile>
    <ClCompile Include="..\..\..\test\case\SQLite_StatementTest.cpp">
      <Filter>case</Filter>
    </ClCompile>
    <ClCompile Include="..\..\..\test\stdafx.cpp" />
  </ItemGroup>
  <ItemGroup>
    <ClInclude Include="..\..\..\test\stdafx.h" />
    <ClInclude Include="..\..\..\test\targetver.h" />
  </ItemGroup>
</Project>